{
  "name": "places",
  "lockfileVersion": 2,
  "requires": true,
  "packages": {
    "": {
      "name": "places",
      "dependencies": {
        "@netlify/functions": "^1.0.0",
        "@remix-run/netlify": "^1.6.3",
        "@remix-run/node": "^1.6.3",
        "@remix-run/react": "^1.6.3",
        "@sanity/client": "^3.3.2",
        "cross-env": "^7.0.3",
        "mapbox-gl": "^2.9.1",
        "react": "^17.0.2",
        "react-dom": "^17.0.2"
      },
      "devDependencies": {
        "@remix-run/dev": "^1.6.3",
        "@remix-run/eslint-config": "^1.6.3",
        "@types/mapbox-gl": "^2.7.3",
        "@types/react": "^17.0.45",
        "@types/react-dom": "^17.0.17",
        "eslint": "^8.15.0",
        "netlify-cli": "^10.7.1",
        "typescript": "^4.6.4"
      },
      "engines": {
        "node": ">=14"
      }
    },
    "../../node_modules/.pnpm/@netlify+functions@1.0.0/node_modules/@netlify/functions": {
      "version": "1.0.0",
      "license": "MIT",
      "dependencies": {
        "is-promise": "^4.0.0"
      },
      "devDependencies": {
        "@commitlint/cli": "^13.0.0",
        "@commitlint/config-conventional": "^13.0.0",
        "@netlify/eslint-config-node": "^5.1.4",
        "ava": "^2.4.0",
        "husky": "^7.0.4",
        "npm-run-all": "^4.1.5",
        "nyc": "^15.0.0",
        "typescript": "^4.4.4"
      },
      "engines": {
        "node": ">=8.3.0"
      }
    },
    "../../node_modules/.pnpm/@remix-run+dev@1.6.3_sfoxds7t5ydpegc3knd667wn6m/node_modules/@remix-run/dev": {
      "version": "1.6.3",
      "dev": true,
      "license": "MIT",
      "dependencies": {
        "@babel/core": "^7.18.2",
        "@babel/plugin-syntax-jsx": "^7.17.12",
        "@babel/preset-env": "^7.18.2",
        "@babel/preset-typescript": "^7.17.12",
        "@esbuild-plugins/node-modules-polyfill": "^0.1.4",
        "@npmcli/package-json": "^2.0.0",
        "@remix-run/server-runtime": "1.6.3",
        "@yarnpkg/esbuild-plugin-pnp": "^2.0.0",
        "cacache": "^15.0.5",
        "chalk": "^4.1.2",
        "chokidar": "^3.5.1",
        "dotenv": "^16.0.0",
        "esbuild": "0.14.22",
        "exit-hook": "2.2.1",
        "express": "4.17.3",
        "fast-glob": "3.2.11",
        "fs-extra": "^10.0.0",
        "get-port": "^5.1.1",
        "gunzip-maybe": "^1.4.2",
        "inquirer": "^8.2.1",
        "jscodeshift": "^0.13.1",
        "jsesc": "3.0.2",
        "json5": "^2.2.1",
        "lodash": "^4.17.21",
        "lodash.debounce": "^4.0.8",
        "meow": "^7.1.1",
        "minimatch": "^3.0.4",
        "node-fetch": "^2.6.7",
        "ora": "^5.4.1",
        "prettier": "2.6.1",
        "pretty-ms": "^7.0.1",
        "remark-frontmatter": "^4.0.0",
        "remark-mdx-frontmatter": "^1.0.1",
        "semver": "^7.3.5",
        "sort-package-json": "^1.55.0",
        "tar-fs": "^2.1.1",
        "tsconfig-paths": "^4.0.0",
        "ws": "^7.4.5",
        "xdm": "^2.0.0"
      },
      "bin": {
        "remix": "dist/cli.js"
      },
      "devDependencies": {
        "@types/cacache": "^15.0.0",
        "@types/gunzip-maybe": "^1.4.0",
        "@types/inquirer": "^8.2.0",
        "@types/jscodeshift": "^0.11.3",
        "@types/lodash.debounce": "^4.0.6",
        "@types/npmcli__package-json": "^2.0.0",
        "@types/shelljs": "^0.8.11",
        "@types/tar-fs": "^2.0.1",
        "@types/ws": "^7.4.1",
        "esbuild-register": "^3.3.2",
        "msw": "^0.39.2",
        "shelljs": "^0.8.5",
        "strip-ansi": "^6.0.1",
        "tiny-invariant": "^1.2.0",
        "type-fest": "^2.12.2"
      },
      "engines": {
        "node": ">=14"
      },
      "peerDependencies": {
        "@remix-run/serve": "1.6.3"
      },
      "peerDependenciesMeta": {
        "@remix-run/serve": {
          "optional": true
        }
      }
    },
    "../../node_modules/.pnpm/@remix-run+eslint-config@1.6.3_jm34h5zwdnvdefpudtgtxqm2me/node_modules/@remix-run/eslint-config": {
      "version": "1.6.3",
      "dev": true,
      "license": "MIT",
      "dependencies": {
        "@babel/core": "^7.17.5",
        "@babel/eslint-parser": "^7.17.0",
        "@babel/preset-react": "^7.16.7",
        "@rushstack/eslint-patch": "^1.1.0",
        "@typescript-eslint/eslint-plugin": "^5.12.1",
        "@typescript-eslint/parser": "^5.12.1",
        "eslint-import-resolver-node": "0.3.6",
        "eslint-import-resolver-typescript": "^2.5.0",
        "eslint-plugin-import": "^2.25.4",
        "eslint-plugin-jest": "^26.1.1",
        "eslint-plugin-jest-dom": "^4.0.1",
        "eslint-plugin-jsx-a11y": "^6.5.1",
        "eslint-plugin-node": "^11.1.0",
        "eslint-plugin-react": "^7.28.0",
        "eslint-plugin-react-hooks": "^4.3.0",
        "eslint-plugin-testing-library": "^5.0.5"
      },
      "devDependencies": {
        "@types/eslint": "^8.4.1"
      },
      "engines": {
        "node": "^12.22.0 || ^14.17.0 || >=16.0.0"
      },
      "peerDependencies": {
        "eslint": "^8.0.0",
        "react": "^17.0.0 || ^18.0.0",
        "react-dom": "^17.0.0 || ^18.0.0",
        "typescript": "^4.0.0"
      },
      "peerDependenciesMeta": {
        "typescript": {
          "optional": true
        }
      }
    },
    "../../node_modules/.pnpm/@remix-run+netlify@1.6.3_suusgcsxtevevf53efhfcetshq/node_modules/@remix-run/netlify": {
      "version": "1.6.3",
      "license": "MIT",
      "dependencies": {
        "@remix-run/node": "1.6.3"
      },
      "devDependencies": {
        "@netlify/functions": "^1.0.0"
      },
      "engines": {
        "node": ">=14"
      },
      "peerDependencies": {
        "@netlify/functions": "^0.10.0 || ^1.0.0"
      }
    },
    "../../node_modules/.pnpm/@remix-run+node@1.6.3_sfoxds7t5ydpegc3knd667wn6m/node_modules/@remix-run/node": {
      "version": "1.6.3",
      "license": "MIT",
      "dependencies": {
        "@remix-run/server-runtime": "1.6.3",
        "@remix-run/web-fetch": "^4.1.3",
        "@remix-run/web-file": "^3.0.2",
        "@remix-run/web-stream": "^1.0.3",
        "@web3-storage/multipart-parser": "^1.0.0",
        "abort-controller": "^3.0.0",
        "cookie-signature": "^1.1.0",
        "source-map-support": "^0.5.21",
        "stream-slice": "^0.1.2"
      },
      "devDependencies": {
        "@types/cookie-signature": "^1.0.3",
        "@types/source-map-support": "^0.5.4"
      },
      "engines": {
        "node": ">=14"
      }
    },
    "../../node_modules/.pnpm/@remix-run+react@1.6.3_sfoxds7t5ydpegc3knd667wn6m/node_modules/@remix-run/react": {
      "version": "1.6.3",
      "license": "MIT",
      "dependencies": {
        "history": "^5.3.0",
        "react-router-dom": "^6.2.2"
      },
      "devDependencies": {
        "@testing-library/jest-dom": "^5.16.2",
        "@testing-library/react": "^12.1.3",
        "abort-controller": "^3.0.0"
      },
      "engines": {
        "node": ">=14"
      },
      "peerDependencies": {
        "react": ">=16.8",
        "react-dom": ">=16.8"
      }
    },
    "../../node_modules/.pnpm/@sanity+client@3.3.2/node_modules/@sanity/client": {
      "version": "3.3.2",
      "license": "MIT",
      "dependencies": {
        "@sanity/eventsource": "^4.0.0",
        "@sanity/generate-help-url": "^3.0.0",
        "get-it": "^6.0.1",
        "make-error": "^1.3.0",
        "object-assign": "^4.1.1",
        "rxjs": "^6.0.0"
      },
      "devDependencies": {
        "@babel/cli": "^7.17.6",
        "@babel/core": "^7.17.7",
        "@babel/preset-env": "^7.11.5",
        "browserify": "^17.0.0",
        "envify": "^4.0.0",
        "eslint": "^8.11.0",
        "eslint-config-prettier": "^8.5.0",
        "eslint-config-sanity": "^5.1.0",
        "nock": "^13.2.4",
        "nyc": "^15.1.0",
        "prettier": "^2.6.0",
        "rimraf": "^3.0.2",
        "sse-channel": "^4.0.0",
        "tape": "^5.5.2",
        "terser": "^5.12.1",
        "uglifyify": "^5.0.1",
        "xtend": "4.0.2"
      },
      "engines": {
        "node": ">=12"
      }
    },
    "../../node_modules/.pnpm/@types+react-dom@17.0.17/node_modules/@types/react-dom": {
      "version": "17.0.17",
      "dev": true,
      "license": "MIT",
      "dependencies": {
        "@types/react": "^17"
      }
    },
    "../../node_modules/.pnpm/@types+react@17.0.45/node_modules/@types/react": {
      "version": "17.0.45",
      "dev": true,
      "license": "MIT",
      "dependencies": {
        "@types/prop-types": "*",
        "@types/scheduler": "*",
        "csstype": "^3.0.2"
      }
    },
    "../../node_modules/.pnpm/cross-env@7.0.3/node_modules/cross-env": {
      "version": "7.0.3",
      "license": "MIT",
      "dependencies": {
        "cross-spawn": "^7.0.1"
      },
      "bin": {
        "cross-env": "src/bin/cross-env.js",
        "cross-env-shell": "src/bin/cross-env-shell.js"
      },
      "devDependencies": {
        "kcd-scripts": "^5.5.0"
      },
      "engines": {
        "node": ">=10.14",
        "npm": ">=6",
        "yarn": ">=1"
      }
    },
    "../../node_modules/.pnpm/eslint@8.19.0/node_modules/eslint": {
      "version": "8.19.0",
      "dev": true,
      "license": "MIT",
      "dependencies": {
        "@eslint/eslintrc": "^1.3.0",
        "@humanwhocodes/config-array": "^0.9.2",
        "ajv": "^6.10.0",
        "chalk": "^4.0.0",
        "cross-spawn": "^7.0.2",
        "debug": "^4.3.2",
        "doctrine": "^3.0.0",
        "escape-string-regexp": "^4.0.0",
        "eslint-scope": "^7.1.1",
        "eslint-utils": "^3.0.0",
        "eslint-visitor-keys": "^3.3.0",
        "espree": "^9.3.2",
        "esquery": "^1.4.0",
        "esutils": "^2.0.2",
        "fast-deep-equal": "^3.1.3",
        "file-entry-cache": "^6.0.1",
        "functional-red-black-tree": "^1.0.1",
        "glob-parent": "^6.0.1",
        "globals": "^13.15.0",
        "ignore": "^5.2.0",
        "import-fresh": "^3.0.0",
        "imurmurhash": "^0.1.4",
        "is-glob": "^4.0.0",
        "js-yaml": "^4.1.0",
        "json-stable-stringify-without-jsonify": "^1.0.1",
        "levn": "^0.4.1",
        "lodash.merge": "^4.6.2",
        "minimatch": "^3.1.2",
        "natural-compare": "^1.4.0",
        "optionator": "^0.9.1",
        "regexpp": "^3.2.0",
        "strip-ansi": "^6.0.1",
        "strip-json-comments": "^3.1.0",
        "text-table": "^0.2.0",
        "v8-compile-cache": "^2.0.3"
      },
      "bin": {
        "eslint": "bin/eslint.js"
      },
      "devDependencies": {
        "@babel/core": "^7.4.3",
        "@babel/preset-env": "^7.4.3",
        "babel-loader": "^8.0.5",
        "chai": "^4.0.1",
        "cheerio": "^0.22.0",
        "common-tags": "^1.8.0",
        "core-js": "^3.1.3",
        "ejs": "^3.0.2",
        "eslint": "file:.",
        "eslint-config-eslint": "file:packages/eslint-config-eslint",
        "eslint-plugin-eslint-comments": "^3.2.0",
        "eslint-plugin-eslint-plugin": "^4.2.0",
        "eslint-plugin-internal-rules": "file:tools/internal-rules",
        "eslint-plugin-jsdoc": "^37.0.0",
        "eslint-plugin-node": "^11.1.0",
        "eslint-plugin-unicorn": "^42.0.0",
        "eslint-release": "^3.2.0",
        "eslump": "^3.0.0",
        "esprima": "^4.0.1",
        "fast-glob": "^3.2.11",
        "fs-teardown": "^0.1.3",
        "glob": "^7.1.6",
        "got": "^11.8.3",
        "gray-matter": "^4.0.3",
        "jsdoc": "^3.5.5",
        "karma": "^6.1.1",
        "karma-chrome-launcher": "^3.1.0",
        "karma-mocha": "^2.0.1",
        "karma-mocha-reporter": "^2.2.5",
        "karma-webpack": "^5.0.0",
        "lint-staged": "^11.0.0",
        "load-perf": "^0.2.0",
        "markdownlint": "^0.24.0",
        "markdownlint-cli": "^0.30.0",
        "marked": "^4.0.8",
        "memfs": "^3.0.1",
        "metascraper": "^5.25.7",
        "metascraper-description": "^5.25.7",
        "metascraper-image": "^5.29.3",
        "metascraper-logo": "^5.25.7",
        "metascraper-logo-favicon": "^5.25.7",
        "metascraper-title": "^5.25.7",
        "mocha": "^8.3.2",
        "mocha-junit-reporter": "^2.0.0",
        "node-polyfill-webpack-plugin": "^1.0.3",
        "npm-license": "^0.3.3",
        "nyc": "^15.0.1",
        "pirates": "^4.0.5",
        "progress": "^2.0.3",
        "proxyquire": "^2.0.1",
        "puppeteer": "^9.1.1",
        "recast": "^0.20.4",
        "regenerator-runtime": "^0.13.2",
        "semver": "^7.3.5",
        "shelljs": "^0.8.2",
        "sinon": "^11.0.0",
        "temp": "^0.9.0",
        "webpack": "^5.23.0",
        "webpack-cli": "^4.5.0",
        "yorkie": "^2.0.0"
      },
      "engines": {
        "node": "^12.22.0 || ^14.17.0 || >=16.0.0"
      },
      "funding": {
        "url": "https://opencollective.com/eslint"
      }
    },
    "../../node_modules/.pnpm/mapbox-gl@2.9.1/node_modules/mapbox-gl": {
      "version": "2.9.1",
      "license": "SEE LICENSE IN LICENSE.txt",
      "dependencies": {
        "@mapbox/geojson-rewind": "^0.5.1",
        "@mapbox/geojson-types": "^1.0.2",
        "@mapbox/jsonlint-lines-primitives": "^2.0.2",
        "@mapbox/mapbox-gl-supported": "^2.0.1",
        "@mapbox/point-geometry": "^0.1.0",
        "@mapbox/tiny-sdf": "^2.0.5",
        "@mapbox/unitbezier": "^0.0.0",
        "@mapbox/vector-tile": "^1.3.1",
        "@mapbox/whoots-js": "^3.1.0",
        "csscolorparser": "~1.0.3",
        "earcut": "^2.2.3",
        "geojson-vt": "^3.2.1",
        "gl-matrix": "^3.4.3",
        "grid-index": "^1.1.0",
        "murmurhash-js": "^1.0.0",
        "pbf": "^3.2.1",
        "potpack": "^1.0.2",
        "quickselect": "^2.0.0",
        "rw": "^1.3.3",
        "supercluster": "^7.1.4",
        "tinyqueue": "^2.0.3",
        "vt-pbf": "^3.1.3"
      },
      "devDependencies": {
        "@babel/core": "^7.17.8",
        "@babel/eslint-parser": "^7.17.0",
        "@babel/preset-flow": "^7.16.7",
        "@mapbox/flow-remove-types": "^2.0.0",
        "@mapbox/gazetteer": "^4.0.4",
        "@mapbox/mapbox-gl-rtl-text": "^0.2.3",
        "@mapbox/mvt-fixtures": "^3.8.0",
        "@octokit/auth-app": "^2.11.0",
        "@octokit/rest": "^18.12.0",
        "@rollup/plugin-commonjs": "^17.1.0",
        "@rollup/plugin-json": "^4.1.0",
        "@rollup/plugin-node-resolve": "^11.2.1",
        "@rollup/plugin-replace": "^2.4.2",
        "@rollup/plugin-strip": "^2.1.0",
        "address": "^1.1.2",
        "browserify": "^17.0.0",
        "chalk": "^4.1.2",
        "chokidar": "^3.5.3",
        "cssnano": "^4.1.11",
        "d3": "^6.7.0",
        "d3-queue": "^3.0.7",
        "diff": "^5.0.0",
        "documentation": "~13.1.1",
        "ejs": "^3.1.6",
        "envify": "^4.1.0",
        "eslint": "^7.30.0",
        "eslint-config-mourner": "^3.0.0",
        "eslint-plugin-flowtype": "^5.2.0",
        "eslint-plugin-html": "^6.1.1",
        "eslint-plugin-import": "^2.22.1",
        "eslint-plugin-jsdoc": "^32.3.4",
        "flow-bin": "0.142.0",
        "gl": "4.9.0",
        "glob": "^7.2.0",
        "is-builtin-module": "^3.1.0",
        "jsdom": "^13.2.0",
        "json-stringify-pretty-compact": "^2.0.0",
        "lodash.template": "^4.5.0",
        "mapbox-gl-styles": "^2.0.2",
        "minimist": "^1.2.6",
        "mock-geolocation": "^1.0.11",
        "node-notifier": "^9.0.1",
        "npm-font-open-sans": "^1.1.0",
        "npm-run-all": "^4.1.5",
        "nyc": "^15.1.0",
        "pixelmatch": "^5.2.1",
        "postcss": "^8.4.12",
        "postcss-cli": "^8.3.1",
        "postcss-inline-svg": "^5.0.0",
        "pretty-bytes": "^5.6.0",
        "puppeteer-core": "^11.0.0",
        "qrcode-terminal": "^0.12.0",
        "rollup": "^2.70.1",
        "rollup-plugin-sourcemaps": "^0.6.3",
        "rollup-plugin-terser": "^7.0.2",
        "rollup-plugin-unassert": "^0.3.0",
        "selenium-webdriver": "^4.1.1",
        "shuffle-seed": "^1.1.6",
        "sinon": "^9.2.4",
        "st": "^2.0.0",
        "stylelint": "^14.6.1",
        "stylelint-config-standard": "^25.0.0",
        "tap": "~12.4.1",
        "tape": "^5.5.2",
        "tape-filter": "^1.0.4",
        "testem": "^3.6.0"
      }
    },
    "../../node_modules/.pnpm/netlify-cli@10.7.1/node_modules/netlify-cli": {
      "version": "10.7.1",
      "dev": true,
      "hasInstallScript": true,
      "license": "MIT",
      "dependencies": {
        "@netlify/build": "^27.3.2",
        "@netlify/config": "^18.1.1",
        "@netlify/edge-bundler": "^1.4.3",
        "@netlify/framework-info": "^9.1.0",
        "@netlify/local-functions-proxy": "^1.1.1",
        "@netlify/plugins-list": "^6.30.0",
        "@netlify/zip-it-and-ship-it": "^5.11.1",
        "@octokit/rest": "^18.0.0",
        "@sindresorhus/slugify": "^1.1.0",
        "ansi-escapes": "^5.0.0",
        "ansi-styles": "^5.0.0",
        "ansi2html": "^0.0.1",
        "ascii-table": "0.0.9",
        "backoff": "^2.5.0",
        "better-opn": "^3.0.0",
        "boxen": "^5.0.0",
        "chalk": "^4.0.0",
        "chokidar": "^3.0.2",
        "ci-info": "^3.0.0",
        "clean-deep": "^3.0.2",
        "commander": "^9.0.0",
        "concordance": "^5.0.0",
        "configstore": "^5.0.0",
        "content-type": "^1.0.4",
        "cookie": "^0.5.0",
        "copy-template-dir": "^1.4.0",
        "cron-parser": "^4.2.1",
        "debug": "^4.1.1",
        "decache": "^4.6.0",
        "del": "^6.0.0",
        "dot-prop": "^6.0.0",
        "dotenv": "^16.0.0",
        "env-paths": "^2.2.0",
        "envinfo": "^7.3.1",
        "etag": "^1.8.1",
        "execa": "^5.0.0",
        "express": "^4.17.1",
        "express-logging": "^1.1.1",
        "find-up": "^5.0.0",
        "flush-write-stream": "^2.0.0",
        "folder-walker": "^3.2.0",
        "from2-array": "^0.0.4",
        "fuzzy": "^0.1.3",
        "get-port": "^5.1.0",
        "gh-release-fetch": "^3.0.0",
        "git-clone": "^0.2.0",
        "git-repo-info": "^2.1.0",
        "gitconfiglocal": "^2.1.0",
        "hasbin": "^1.2.3",
        "hasha": "^5.2.2",
        "http-proxy": "^1.18.0",
        "http-proxy-middleware": "^2.0.0",
        "https-proxy-agent": "^5.0.0",
        "inquirer": "^6.5.1",
        "inquirer-autocomplete-prompt": "^1.0.1",
        "is-docker": "^2.0.0",
        "is-plain-obj": "^3.0.0",
        "is-wsl": "^2.2.0",
        "isexe": "^2.0.0",
        "jsonwebtoken": "^8.5.1",
        "jwt-decode": "^3.0.0",
        "lambda-local": "^2.0.1",
        "listr": "^0.14.3",
        "locate-path": "^6.0.0",
        "lodash": "^4.17.20",
        "log-symbols": "^4.0.0",
        "log-update": "^5.0.0",
        "memoize-one": "^6.0.0",
        "minimist": "^1.2.5",
        "multiparty": "^4.2.1",
        "netlify": "^11.0.2",
        "netlify-headers-parser": "^6.0.2",
        "netlify-onegraph-internal": "0.3.1",
        "netlify-redirect-parser": "^13.0.5",
        "netlify-redirector": "^0.2.1",
        "node-fetch": "^2.6.0",
        "node-version-alias": "^1.0.1",
        "omit.js": "^2.0.2",
        "ora": "^5.0.0",
        "p-event": "^4.2.0",
        "p-filter": "^2.1.0",
        "p-map": "^4.0.0",
        "p-wait-for": "^3.0.0",
        "parallel-transform": "^1.2.0",
        "parse-github-url": "^1.0.2",
        "parse-gitignore": "^1.0.1",
        "path-key": "^3.1.1",
        "prettyjson": "^1.2.1",
        "pump": "^3.0.0",
        "raw-body": "^2.4.1",
        "read-pkg-up": "^7.0.1",
        "semver": "^7.3.5",
        "source-map-support": "^0.5.19",
        "static-server": "^2.2.1",
        "string-similarity": "^4.0.4",
        "strip-ansi-control-characters": "^2.0.0",
        "tabtab": "^3.0.2",
        "tempy": "^1.0.0",
        "terminal-link": "^2.1.1",
        "through2-filter": "^3.0.0",
        "through2-map": "^3.0.0",
        "to-readable-stream": "^2.1.0",
        "toml": "^3.0.0",
        "unixify": "^1.0.0",
        "update-notifier": "^5.0.0",
        "uuid": "^8.0.0",
        "wait-port": "^0.2.2",
        "winston": "^3.2.1",
        "write-file-atomic": "^4.0.0"
      },
      "bin": {
        "netlify": "bin/run",
        "ntl": "bin/run"
      },
      "devDependencies": {
        "@babel/preset-react": "^7.12.13",
        "@netlify/eslint-config-node": "^6.0.0",
        "ava": "^4.0.0",
        "c8": "^7.11.0",
        "eslint-plugin-sort-destructure-keys": "^1.3.5",
        "fast-glob": "^3.2.7",
        "form-data": "^4.0.0",
        "got": "^11.8.1",
        "graphviz": "^0.0.9",
        "husky": "^7.0.4",
        "ini": "^2.0.0",
        "mock-fs": "^5.1.2",
        "nock": "^13.2.4",
        "p-timeout": "^4.0.0",
        "rewiremock": "^3.14.3",
        "serialize-javascript": "^6.0.0",
        "sinon": "^13.0.0",
        "sort-on": "^4.1.0",
        "strip-ansi": "^6.0.0",
        "supertest": "^6.1.6",
        "temp-dir": "^2.0.0",
        "tomlify-j0.4": "^3.0.0",
        "tree-kill": "^1.2.2",
        "typescript": "^4.4.4",
        "verdaccio": "^5.10.2"
      },
      "engines": {
        "node": "^12.20.0 || ^14.14.0 || >=16.0.0"
      }
    },
    "../../node_modules/.pnpm/react-dom@17.0.2_react@17.0.2/node_modules/react-dom": {
      "version": "17.0.2",
      "license": "MIT",
      "dependencies": {
        "loose-envify": "^1.1.0",
        "object-assign": "^4.1.1",
        "scheduler": "^0.20.2"
      },
      "peerDependencies": {
        "react": "17.0.2"
      }
    },
    "../../node_modules/.pnpm/react@17.0.2/node_modules/react": {
      "version": "17.0.2",
      "license": "MIT",
      "dependencies": {
        "loose-envify": "^1.1.0",
        "object-assign": "^4.1.1"
      },
      "engines": {
        "node": ">=0.10.0"
      }
    },
    "../../node_modules/.pnpm/typescript@4.6.4/node_modules/typescript": {
      "version": "4.6.4",
      "dev": true,
      "license": "Apache-2.0",
      "bin": {
        "tsc": "bin/tsc",
        "tsserver": "bin/tsserver"
      },
      "devDependencies": {
        "@octokit/rest": "latest",
        "@types/browserify": "latest",
        "@types/chai": "latest",
        "@types/convert-source-map": "latest",
        "@types/glob": "latest",
        "@types/gulp": "^4.0.9",
        "@types/gulp-concat": "latest",
        "@types/gulp-newer": "latest",
        "@types/gulp-rename": "0.0.33",
        "@types/gulp-sourcemaps": "0.0.32",
        "@types/jake": "latest",
        "@types/merge2": "latest",
        "@types/microsoft__typescript-etw": "latest",
        "@types/minimatch": "latest",
        "@types/minimist": "latest",
        "@types/mkdirp": "latest",
        "@types/mocha": "latest",
        "@types/ms": "latest",
        "@types/node": "latest",
        "@types/node-fetch": "^2.3.4",
        "@types/q": "latest",
        "@types/source-map-support": "latest",
        "@types/through2": "latest",
        "@types/xml2js": "^0.4.0",
        "@typescript-eslint/eslint-plugin": "^4.28.0",
        "@typescript-eslint/experimental-utils": "^4.28.0",
        "@typescript-eslint/parser": "^4.28.0",
        "async": "latest",
        "azure-devops-node-api": "^11.0.1",
        "browser-resolve": "^1.11.2",
        "browserify": "latest",
        "chai": "latest",
        "chalk": "^4.1.2",
        "convert-source-map": "latest",
        "del": "5.1.0",
        "diff": "^4.0.2",
        "eslint": "7.12.1",
        "eslint-formatter-autolinkable-stylish": "1.1.4",
        "eslint-plugin-import": "2.22.1",
        "eslint-plugin-jsdoc": "30.7.6",
        "eslint-plugin-no-null": "1.0.2",
        "fancy-log": "latest",
        "fs-extra": "^9.0.0",
        "glob": "latest",
        "gulp": "^4.0.0",
        "gulp-concat": "latest",
        "gulp-insert": "latest",
        "gulp-newer": "latest",
        "gulp-rename": "latest",
        "gulp-sourcemaps": "latest",
        "merge2": "latest",
        "minimist": "latest",
        "mkdirp": "latest",
        "mocha": "latest",
        "mocha-fivemat-progress-reporter": "latest",
        "ms": "^2.1.3",
        "node-fetch": "^2.6.1",
        "plugin-error": "latest",
        "pretty-hrtime": "^1.0.3",
        "prex": "^0.4.3",
        "q": "latest",
        "source-map-support": "latest",
        "through2": "latest",
        "typescript": "^4.5.5",
        "vinyl": "latest",
        "vinyl-sourcemaps-apply": "latest",
        "xml2js": "^0.4.19"
      },
      "engines": {
        "node": ">=4.2.0"
      }
    },
    "node_modules/@netlify/functions": {
      "resolved": "../../node_modules/.pnpm/@netlify+functions@1.0.0/node_modules/@netlify/functions",
      "link": true
    },
    "node_modules/@remix-run/dev": {
      "resolved": "../../node_modules/.pnpm/@remix-run+dev@1.6.3_sfoxds7t5ydpegc3knd667wn6m/node_modules/@remix-run/dev",
      "link": true
    },
    "node_modules/@remix-run/eslint-config": {
      "resolved": "../../node_modules/.pnpm/@remix-run+eslint-config@1.6.3_jm34h5zwdnvdefpudtgtxqm2me/node_modules/@remix-run/eslint-config",
      "link": true
    },
    "node_modules/@remix-run/netlify": {
      "resolved": "../../node_modules/.pnpm/@remix-run+netlify@1.6.3_suusgcsxtevevf53efhfcetshq/node_modules/@remix-run/netlify",
      "link": true
    },
    "node_modules/@remix-run/node": {
      "resolved": "../../node_modules/.pnpm/@remix-run+node@1.6.3_sfoxds7t5ydpegc3knd667wn6m/node_modules/@remix-run/node",
      "link": true
    },
    "node_modules/@remix-run/react": {
      "resolved": "../../node_modules/.pnpm/@remix-run+react@1.6.3_sfoxds7t5ydpegc3knd667wn6m/node_modules/@remix-run/react",
      "link": true
    },
    "node_modules/@sanity/client": {
      "resolved": "../../node_modules/.pnpm/@sanity+client@3.3.2/node_modules/@sanity/client",
      "link": true
    },
    "node_modules/@types/geojson": {
      "version": "7946.0.8",
      "resolved": "https://registry.npmjs.org/@types/geojson/-/geojson-7946.0.8.tgz",
      "integrity": "sha512-1rkryxURpr6aWP7R786/UQOkJ3PcpQiWkAXBmdWc7ryFWqN6a4xfK7BtjXvFBKO9LjQ+MWQSWxYeZX1OApnArA==",
      "dev": true
    },
    "node_modules/@types/mapbox-gl": {
      "version": "2.7.3",
      "resolved": "https://registry.npmjs.org/@types/mapbox-gl/-/mapbox-gl-2.7.3.tgz",
      "integrity": "sha512-XdveeJptNNZw7ZoeiAJ2/dupNtWaV6qpBG/SOFEpQNQAc+oiO6qUznX85n+W1XbLeD8SVRVfVORKuR+I4CHDZw==",
      "dev": true,
      "dependencies": {
        "@types/geojson": "*"
      }
    },
    "node_modules/@types/react": {
      "resolved": "../../node_modules/.pnpm/@types+react@17.0.45/node_modules/@types/react",
      "link": true
    },
    "node_modules/@types/react-dom": {
      "resolved": "../../node_modules/.pnpm/@types+react-dom@17.0.17/node_modules/@types/react-dom",
      "link": true
    },
    "node_modules/cross-env": {
      "resolved": "../../node_modules/.pnpm/cross-env@7.0.3/node_modules/cross-env",
      "link": true
    },
    "node_modules/eslint": {
      "resolved": "../../node_modules/.pnpm/eslint@8.19.0/node_modules/eslint",
      "link": true
    },
    "node_modules/mapbox-gl": {
      "resolved": "../../node_modules/.pnpm/mapbox-gl@2.9.1/node_modules/mapbox-gl",
      "link": true
    },
    "node_modules/netlify-cli": {
      "resolved": "../../node_modules/.pnpm/netlify-cli@10.7.1/node_modules/netlify-cli",
      "link": true
    },
    "node_modules/react": {
      "resolved": "../../node_modules/.pnpm/react@17.0.2/node_modules/react",
      "link": true
    },
    "node_modules/react-dom": {
      "resolved": "../../node_modules/.pnpm/react-dom@17.0.2_react@17.0.2/node_modules/react-dom",
      "link": true
    },
    "node_modules/typescript": {
      "resolved": "../../node_modules/.pnpm/typescript@4.6.4/node_modules/typescript",
      "link": true
    }
  },
  "dependencies": {
    "@netlify/functions": {
      "version": "file:../../node_modules/.pnpm/@netlify+functions@1.0.0/node_modules/@netlify/functions",
      "requires": {
        "@commitlint/cli": "^13.0.0",
        "@commitlint/config-conventional": "^13.0.0",
        "@netlify/eslint-config-node": "^5.1.4",
        "ava": "^2.4.0",
        "husky": "^7.0.4",
        "is-promise": "^4.0.0",
        "npm-run-all": "^4.1.5",
        "nyc": "^15.0.0",
        "typescript": "^4.4.4"
      }
    },
    "@remix-run/dev": {
      "version": "file:../../node_modules/.pnpm/@remix-run+dev@1.6.3_sfoxds7t5ydpegc3knd667wn6m/node_modules/@remix-run/dev",
      "requires": {
        "@babel/core": "^7.18.2",
        "@babel/plugin-syntax-jsx": "^7.17.12",
        "@babel/preset-env": "^7.18.2",
        "@babel/preset-typescript": "^7.17.12",
        "@esbuild-plugins/node-modules-polyfill": "^0.1.4",
        "@npmcli/package-json": "^2.0.0",
        "@remix-run/server-runtime": "1.6.3",
        "@types/cacache": "^15.0.0",
        "@types/gunzip-maybe": "^1.4.0",
        "@types/inquirer": "^8.2.0",
        "@types/jscodeshift": "^0.11.3",
        "@types/lodash.debounce": "^4.0.6",
        "@types/npmcli__package-json": "^2.0.0",
        "@types/shelljs": "^0.8.11",
        "@types/tar-fs": "^2.0.1",
        "@types/ws": "^7.4.1",
        "@yarnpkg/esbuild-plugin-pnp": "^2.0.0",
        "cacache": "^15.0.5",
        "chalk": "^4.1.2",
        "chokidar": "^3.5.1",
        "dotenv": "^16.0.0",
        "esbuild": "0.14.22",
        "esbuild-register": "^3.3.2",
        "exit-hook": "2.2.1",
        "express": "4.17.3",
        "fast-glob": "3.2.11",
        "fs-extra": "^10.0.0",
        "get-port": "^5.1.1",
        "gunzip-maybe": "^1.4.2",
        "inquirer": "^8.2.1",
        "jscodeshift": "^0.13.1",
        "jsesc": "3.0.2",
        "json5": "^2.2.1",
        "lodash": "^4.17.21",
        "lodash.debounce": "^4.0.8",
        "meow": "^7.1.1",
        "minimatch": "^3.0.4",
        "msw": "^0.39.2",
        "node-fetch": "^2.6.7",
        "ora": "^5.4.1",
        "prettier": "2.6.1",
        "pretty-ms": "^7.0.1",
        "remark-frontmatter": "^4.0.0",
        "remark-mdx-frontmatter": "^1.0.1",
        "semver": "^7.3.5",
        "shelljs": "^0.8.5",
        "sort-package-json": "^1.55.0",
        "strip-ansi": "^6.0.1",
        "tar-fs": "^2.1.1",
        "tiny-invariant": "^1.2.0",
        "tsconfig-paths": "^4.0.0",
        "type-fest": "^2.12.2",
        "ws": "^7.4.5",
        "xdm": "^2.0.0"
      }
    },
    "@remix-run/eslint-config": {
      "version": "file:../../node_modules/.pnpm/@remix-run+eslint-config@1.6.3_jm34h5zwdnvdefpudtgtxqm2me/node_modules/@remix-run/eslint-config",
      "requires": {
        "@babel/core": "^7.17.5",
        "@babel/eslint-parser": "^7.17.0",
        "@babel/preset-react": "^7.16.7",
        "@rushstack/eslint-patch": "^1.1.0",
        "@types/eslint": "^8.4.1",
        "@typescript-eslint/eslint-plugin": "^5.12.1",
        "@typescript-eslint/parser": "^5.12.1",
        "eslint-import-resolver-node": "0.3.6",
        "eslint-import-resolver-typescript": "^2.5.0",
        "eslint-plugin-import": "^2.25.4",
        "eslint-plugin-jest": "^26.1.1",
        "eslint-plugin-jest-dom": "^4.0.1",
        "eslint-plugin-jsx-a11y": "^6.5.1",
        "eslint-plugin-node": "^11.1.0",
        "eslint-plugin-react": "^7.28.0",
        "eslint-plugin-react-hooks": "^4.3.0",
        "eslint-plugin-testing-library": "^5.0.5"
      }
    },
    "@remix-run/netlify": {
      "version": "file:../../node_modules/.pnpm/@remix-run+netlify@1.6.3_suusgcsxtevevf53efhfcetshq/node_modules/@remix-run/netlify",
      "requires": {
        "@netlify/functions": "^1.0.0",
        "@remix-run/node": "1.6.3"
      }
    },
    "@remix-run/node": {
      "version": "file:../../node_modules/.pnpm/@remix-run+node@1.6.3_sfoxds7t5ydpegc3knd667wn6m/node_modules/@remix-run/node",
      "requires": {
        "@remix-run/server-runtime": "1.6.3",
        "@remix-run/web-fetch": "^4.1.3",
        "@remix-run/web-file": "^3.0.2",
        "@remix-run/web-stream": "^1.0.3",
        "@types/cookie-signature": "^1.0.3",
        "@types/source-map-support": "^0.5.4",
        "@web3-storage/multipart-parser": "^1.0.0",
        "abort-controller": "^3.0.0",
        "cookie-signature": "^1.1.0",
        "source-map-support": "^0.5.21",
        "stream-slice": "^0.1.2"
      }
    },
    "@remix-run/react": {
      "version": "file:../../node_modules/.pnpm/@remix-run+react@1.6.3_sfoxds7t5ydpegc3knd667wn6m/node_modules/@remix-run/react",
      "requires": {
        "@testing-library/jest-dom": "^5.16.2",
        "@testing-library/react": "^12.1.3",
        "abort-controller": "^3.0.0",
        "history": "^5.3.0",
        "react-router-dom": "^6.2.2"
      }
    },
    "@sanity/client": {
      "version": "file:../../node_modules/.pnpm/@sanity+client@3.3.2/node_modules/@sanity/client",
      "requires": {
        "@babel/cli": "^7.17.6",
        "@babel/core": "^7.17.7",
        "@babel/preset-env": "^7.11.5",
        "@sanity/eventsource": "^4.0.0",
        "@sanity/generate-help-url": "^3.0.0",
        "browserify": "^17.0.0",
        "envify": "^4.0.0",
        "eslint": "^8.11.0",
        "eslint-config-prettier": "^8.5.0",
        "eslint-config-sanity": "^5.1.0",
        "get-it": "^6.0.1",
        "make-error": "^1.3.0",
        "nock": "^13.2.4",
        "nyc": "^15.1.0",
        "object-assign": "^4.1.1",
        "prettier": "^2.6.0",
        "rimraf": "^3.0.2",
        "rxjs": "^6.0.0",
        "sse-channel": "^4.0.0",
        "tape": "^5.5.2",
        "terser": "^5.12.1",
        "uglifyify": "^5.0.1",
        "xtend": "4.0.2"
      }
    },
    "@types/geojson": {
      "version": "7946.0.8",
      "resolved": "https://registry.npmjs.org/@types/geojson/-/geojson-7946.0.8.tgz",
      "integrity": "sha512-1rkryxURpr6aWP7R786/UQOkJ3PcpQiWkAXBmdWc7ryFWqN6a4xfK7BtjXvFBKO9LjQ+MWQSWxYeZX1OApnArA==",
      "dev": true
    },
    "@types/mapbox-gl": {
      "version": "2.7.3",
      "resolved": "https://registry.npmjs.org/@types/mapbox-gl/-/mapbox-gl-2.7.3.tgz",
      "integrity": "sha512-XdveeJptNNZw7ZoeiAJ2/dupNtWaV6qpBG/SOFEpQNQAc+oiO6qUznX85n+W1XbLeD8SVRVfVORKuR+I4CHDZw==",
      "dev": true,
      "requires": {
        "@types/geojson": "*"
      }
    },
    "@types/react": {
      "version": "file:../../node_modules/.pnpm/@types+react@17.0.45/node_modules/@types/react",
      "requires": {
        "@types/prop-types": "*",
        "@types/scheduler": "*",
        "csstype": "^3.0.2"
      }
    },
    "@types/react-dom": {
      "version": "file:../../node_modules/.pnpm/@types+react-dom@17.0.17/node_modules/@types/react-dom",
      "requires": {
        "@types/react": "^17"
      }
    },
    "cross-env": {
      "version": "file:../../node_modules/.pnpm/cross-env@7.0.3/node_modules/cross-env",
      "requires": {
        "cross-spawn": "^7.0.1",
        "kcd-scripts": "^5.5.0"
      }
    },
    "eslint": {
      "version": "file:../../node_modules/.pnpm/eslint@8.19.0/node_modules/eslint",
      "requires": {
        "@babel/core": "^7.4.3",
        "@babel/preset-env": "^7.4.3",
        "@eslint/eslintrc": "^1.3.0",
        "@humanwhocodes/config-array": "^0.9.2",
        "ajv": "^6.10.0",
        "babel-loader": "^8.0.5",
        "chai": "^4.0.1",
        "chalk": "^4.0.0",
        "cheerio": "^0.22.0",
        "common-tags": "^1.8.0",
        "core-js": "^3.1.3",
        "cross-spawn": "^7.0.2",
        "debug": "^4.3.2",
        "doctrine": "^3.0.0",
        "ejs": "^3.0.2",
        "escape-string-regexp": "^4.0.0",
        "eslint": "file:",
        "eslint-config-eslint": "file:packages/eslint-config-eslint",
        "eslint-plugin-eslint-comments": "^3.2.0",
        "eslint-plugin-eslint-plugin": "^4.2.0",
        "eslint-plugin-internal-rules": "file:tools/internal-rules",
        "eslint-plugin-jsdoc": "^37.0.0",
        "eslint-plugin-node": "^11.1.0",
        "eslint-plugin-unicorn": "^42.0.0",
        "eslint-release": "^3.2.0",
        "eslint-scope": "^7.1.1",
        "eslint-utils": "^3.0.0",
        "eslint-visitor-keys": "^3.3.0",
        "eslump": "^3.0.0",
        "espree": "^9.3.2",
        "esprima": "^4.0.1",
        "esquery": "^1.4.0",
        "esutils": "^2.0.2",
        "fast-deep-equal": "^3.1.3",
        "fast-glob": "^3.2.11",
        "file-entry-cache": "^6.0.1",
        "fs-teardown": "^0.1.3",
        "functional-red-black-tree": "^1.0.1",
        "glob": "^7.1.6",
        "glob-parent": "^6.0.1",
        "globals": "^13.15.0",
        "got": "^11.8.3",
        "gray-matter": "^4.0.3",
        "ignore": "^5.2.0",
        "import-fresh": "^3.0.0",
        "imurmurhash": "^0.1.4",
        "is-glob": "^4.0.0",
        "js-yaml": "^4.1.0",
        "jsdoc": "^3.5.5",
        "json-stable-stringify-without-jsonify": "^1.0.1",
        "karma": "^6.1.1",
        "karma-chrome-launcher": "^3.1.0",
        "karma-mocha": "^2.0.1",
        "karma-mocha-reporter": "^2.2.5",
        "karma-webpack": "^5.0.0",
        "levn": "^0.4.1",
        "lint-staged": "^11.0.0",
        "load-perf": "^0.2.0",
        "lodash.merge": "^4.6.2",
        "markdownlint": "^0.24.0",
        "markdownlint-cli": "^0.30.0",
        "marked": "^4.0.8",
        "memfs": "^3.0.1",
        "metascraper": "^5.25.7",
        "metascraper-description": "^5.25.7",
        "metascraper-image": "^5.29.3",
        "metascraper-logo": "^5.25.7",
        "metascraper-logo-favicon": "^5.25.7",
        "metascraper-title": "^5.25.7",
        "minimatch": "^3.1.2",
        "mocha": "^8.3.2",
        "mocha-junit-reporter": "^2.0.0",
        "natural-compare": "^1.4.0",
        "node-polyfill-webpack-plugin": "^1.0.3",
        "npm-license": "^0.3.3",
        "nyc": "^15.0.1",
        "optionator": "^0.9.1",
        "pirates": "^4.0.5",
        "progress": "^2.0.3",
        "proxyquire": "^2.0.1",
        "puppeteer": "^9.1.1",
        "recast": "^0.20.4",
        "regenerator-runtime": "^0.13.2",
        "regexpp": "^3.2.0",
        "semver": "^7.3.5",
        "shelljs": "^0.8.2",
        "sinon": "^11.0.0",
        "strip-ansi": "^6.0.1",
        "strip-json-comments": "^3.1.0",
        "temp": "^0.9.0",
        "text-table": "^0.2.0",
        "v8-compile-cache": "^2.0.3",
        "webpack": "^5.23.0",
        "webpack-cli": "^4.5.0",
        "yorkie": "^2.0.0"
      }
    },
    "mapbox-gl": {
      "version": "file:../../node_modules/.pnpm/mapbox-gl@2.9.1/node_modules/mapbox-gl",
      "requires": {
        "@babel/core": "^7.17.8",
        "@babel/eslint-parser": "^7.17.0",
        "@babel/preset-flow": "^7.16.7",
        "@mapbox/flow-remove-types": "^2.0.0",
        "@mapbox/gazetteer": "^4.0.4",
        "@mapbox/geojson-rewind": "^0.5.1",
        "@mapbox/geojson-types": "^1.0.2",
        "@mapbox/jsonlint-lines-primitives": "^2.0.2",
        "@mapbox/mapbox-gl-rtl-text": "^0.2.3",
        "@mapbox/mapbox-gl-supported": "^2.0.1",
        "@mapbox/mvt-fixtures": "^3.8.0",
        "@mapbox/point-geometry": "^0.1.0",
        "@mapbox/tiny-sdf": "^2.0.5",
        "@mapbox/unitbezier": "^0.0.0",
        "@mapbox/vector-tile": "^1.3.1",
        "@mapbox/whoots-js": "^3.1.0",
        "@octokit/auth-app": "^2.11.0",
        "@octokit/rest": "^18.12.0",
        "@rollup/plugin-commonjs": "^17.1.0",
        "@rollup/plugin-json": "^4.1.0",
        "@rollup/plugin-node-resolve": "^11.2.1",
        "@rollup/plugin-replace": "^2.4.2",
        "@rollup/plugin-strip": "^2.1.0",
        "address": "^1.1.2",
        "browserify": "^17.0.0",
        "chalk": "^4.1.2",
        "chokidar": "^3.5.3",
        "csscolorparser": "~1.0.3",
        "cssnano": "^4.1.11",
        "d3": "^6.7.0",
        "d3-queue": "^3.0.7",
        "diff": "^5.0.0",
        "documentation": "~13.1.1",
        "earcut": "^2.2.3",
        "ejs": "^3.1.6",
        "envify": "^4.1.0",
        "eslint": "^7.30.0",
        "eslint-config-mourner": "^3.0.0",
        "eslint-plugin-flowtype": "^5.2.0",
        "eslint-plugin-html": "^6.1.1",
        "eslint-plugin-import": "^2.22.1",
        "eslint-plugin-jsdoc": "^32.3.4",
        "flow-bin": "0.142.0",
        "geojson-vt": "^3.2.1",
        "gl": "4.9.0",
        "gl-matrix": "^3.4.3",
        "glob": "^7.2.0",
        "grid-index": "^1.1.0",
        "is-builtin-module": "^3.1.0",
        "jsdom": "^13.2.0",
        "json-stringify-pretty-compact": "^2.0.0",
        "lodash.template": "^4.5.0",
        "mapbox-gl-styles": "^2.0.2",
        "minimist": "^1.2.6",
        "mock-geolocation": "^1.0.11",
        "murmurhash-js": "^1.0.0",
        "node-notifier": "^9.0.1",
        "npm-font-open-sans": "^1.1.0",
        "npm-run-all": "^4.1.5",
        "nyc": "^15.1.0",
        "pbf": "^3.2.1",
        "pixelmatch": "^5.2.1",
        "postcss": "^8.4.12",
        "postcss-cli": "^8.3.1",
        "postcss-inline-svg": "^5.0.0",
        "potpack": "^1.0.2",
        "pretty-bytes": "^5.6.0",
        "puppeteer-core": "^11.0.0",
        "qrcode-terminal": "^0.12.0",
        "quickselect": "^2.0.0",
        "rollup": "^2.70.1",
        "rollup-plugin-sourcemaps": "^0.6.3",
        "rollup-plugin-terser": "^7.0.2",
        "rollup-plugin-unassert": "^0.3.0",
        "rw": "^1.3.3",
        "selenium-webdriver": "^4.1.1",
        "shuffle-seed": "^1.1.6",
        "sinon": "^9.2.4",
        "st": "^2.0.0",
        "stylelint": "^14.6.1",
        "stylelint-config-standard": "^25.0.0",
        "supercluster": "^7.1.4",
        "tap": "~12.4.1",
        "tape": "^5.5.2",
        "tape-filter": "^1.0.4",
        "testem": "^3.6.0",
        "tinyqueue": "^2.0.3",
        "vt-pbf": "^3.1.3"
      }
    },
    "netlify-cli": {
      "version": "file:../../node_modules/.pnpm/netlify-cli@10.7.1/node_modules/netlify-cli",
      "requires": {
        "@babel/preset-react": "^7.12.13",
        "@netlify/build": "^27.3.2",
        "@netlify/config": "^18.1.1",
        "@netlify/edge-bundler": "^1.4.3",
        "@netlify/eslint-config-node": "^6.0.0",
        "@netlify/framework-info": "^9.1.0",
        "@netlify/local-functions-proxy": "^1.1.1",
        "@netlify/plugins-list": "^6.30.0",
        "@netlify/zip-it-and-ship-it": "^5.11.1",
        "@octokit/rest": "^18.0.0",
        "@sindresorhus/slugify": "^1.1.0",
        "ansi-escapes": "^5.0.0",
        "ansi-styles": "^5.0.0",
        "ansi2html": "^0.0.1",
        "ascii-table": "0.0.9",
        "ava": "^4.0.0",
        "backoff": "^2.5.0",
        "better-opn": "^3.0.0",
        "boxen": "^5.0.0",
        "c8": "^7.11.0",
        "chalk": "^4.0.0",
        "chokidar": "^3.0.2",
        "ci-info": "^3.0.0",
        "clean-deep": "^3.0.2",
        "commander": "^9.0.0",
        "concordance": "^5.0.0",
        "configstore": "^5.0.0",
        "content-type": "^1.0.4",
        "cookie": "^0.5.0",
        "copy-template-dir": "^1.4.0",
        "cron-parser": "^4.2.1",
        "debug": "^4.1.1",
        "decache": "^4.6.0",
        "del": "^6.0.0",
        "dot-prop": "^6.0.0",
        "dotenv": "^16.0.0",
        "env-paths": "^2.2.0",
        "envinfo": "^7.3.1",
        "eslint-plugin-sort-destructure-keys": "^1.3.5",
        "etag": "^1.8.1",
        "execa": "^5.0.0",
        "express": "^4.17.1",
        "express-logging": "^1.1.1",
        "fast-glob": "^3.2.7",
        "find-up": "^5.0.0",
        "flush-write-stream": "^2.0.0",
        "folder-walker": "^3.2.0",
        "form-data": "^4.0.0",
        "from2-array": "^0.0.4",
        "fuzzy": "^0.1.3",
        "get-port": "^5.1.0",
        "gh-release-fetch": "^3.0.0",
        "git-clone": "^0.2.0",
        "git-repo-info": "^2.1.0",
        "gitconfiglocal": "^2.1.0",
        "got": "^11.8.1",
        "graphviz": "^0.0.9",
        "hasbin": "^1.2.3",
        "hasha": "^5.2.2",
        "http-proxy": "^1.18.0",
        "http-proxy-middleware": "^2.0.0",
        "https-proxy-agent": "^5.0.0",
        "husky": "^7.0.4",
        "ini": "^2.0.0",
        "inquirer": "^6.5.1",
        "inquirer-autocomplete-prompt": "^1.0.1",
        "is-docker": "^2.0.0",
        "is-plain-obj": "^3.0.0",
        "is-wsl": "^2.2.0",
        "isexe": "^2.0.0",
        "jsonwebtoken": "^8.5.1",
        "jwt-decode": "^3.0.0",
        "lambda-local": "^2.0.1",
        "listr": "^0.14.3",
        "locate-path": "^6.0.0",
        "lodash": "^4.17.20",
        "log-symbols": "^4.0.0",
        "log-update": "^5.0.0",
        "memoize-one": "^6.0.0",
        "minimist": "^1.2.5",
        "mock-fs": "^5.1.2",
        "multiparty": "^4.2.1",
        "netlify": "^11.0.2",
        "netlify-headers-parser": "^6.0.2",
        "netlify-onegraph-internal": "0.3.1",
        "netlify-redirect-parser": "^13.0.5",
        "netlify-redirector": "^0.2.1",
        "nock": "^13.2.4",
        "node-fetch": "^2.6.0",
        "node-version-alias": "^1.0.1",
        "omit.js": "^2.0.2",
        "ora": "^5.0.0",
        "p-event": "^4.2.0",
        "p-filter": "^2.1.0",
        "p-map": "^4.0.0",
        "p-timeout": "^4.0.0",
        "p-wait-for": "^3.0.0",
        "parallel-transform": "^1.2.0",
        "parse-github-url": "^1.0.2",
        "parse-gitignore": "^1.0.1",
        "path-key": "^3.1.1",
        "prettyjson": "^1.2.1",
        "pump": "^3.0.0",
        "raw-body": "^2.4.1",
        "read-pkg-up": "^7.0.1",
        "rewiremock": "^3.14.3",
        "semver": "^7.3.5",
        "serialize-javascript": "^6.0.0",
        "sinon": "^13.0.0",
        "sort-on": "^4.1.0",
        "source-map-support": "^0.5.19",
        "static-server": "^2.2.1",
        "string-similarity": "^4.0.4",
        "strip-ansi": "^6.0.0",
        "strip-ansi-control-characters": "^2.0.0",
        "supertest": "^6.1.6",
        "tabtab": "^3.0.2",
        "temp-dir": "^2.0.0",
        "tempy": "^1.0.0",
        "terminal-link": "^2.1.1",
        "through2-filter": "^3.0.0",
        "through2-map": "^3.0.0",
        "to-readable-stream": "^2.1.0",
        "toml": "^3.0.0",
        "tomlify-j0.4": "^3.0.0",
        "tree-kill": "^1.2.2",
        "typescript": "^4.4.4",
        "unixify": "^1.0.0",
        "update-notifier": "^5.0.0",
        "uuid": "^8.0.0",
        "verdaccio": "^5.10.2",
        "wait-port": "^0.2.2",
        "winston": "^3.2.1",
        "write-file-atomic": "^4.0.0"
      }
    },
    "react": {
      "version": "file:../../node_modules/.pnpm/react@17.0.2/node_modules/react",
      "requires": {
        "loose-envify": "^1.1.0",
        "object-assign": "^4.1.1"
      }
    },
    "react-dom": {
      "version": "file:../../node_modules/.pnpm/react-dom@17.0.2_react@17.0.2/node_modules/react-dom",
      "requires": {
        "loose-envify": "^1.1.0",
        "object-assign": "^4.1.1",
        "scheduler": "^0.20.2"
      }
    },
    "typescript": {
      "version": "file:../../node_modules/.pnpm/typescript@4.6.4/node_modules/typescript",
      "requires": {
        "@octokit/rest": "latest",
        "@types/browserify": "latest",
        "@types/chai": "latest",
        "@types/convert-source-map": "latest",
        "@types/glob": "latest",
        "@types/gulp": "^4.0.9",
        "@types/gulp-concat": "latest",
        "@types/gulp-newer": "latest",
        "@types/gulp-rename": "0.0.33",
        "@types/gulp-sourcemaps": "0.0.32",
        "@types/jake": "latest",
        "@types/merge2": "latest",
        "@types/microsoft__typescript-etw": "latest",
        "@types/minimatch": "latest",
        "@types/minimist": "latest",
        "@types/mkdirp": "latest",
        "@types/mocha": "latest",
        "@types/ms": "latest",
        "@types/node": "latest",
        "@types/node-fetch": "^2.3.4",
        "@types/q": "latest",
        "@types/source-map-support": "latest",
        "@types/through2": "latest",
        "@types/xml2js": "^0.4.0",
        "@typescript-eslint/eslint-plugin": "^4.28.0",
        "@typescript-eslint/experimental-utils": "^4.28.0",
        "@typescript-eslint/parser": "^4.28.0",
        "async": "latest",
        "azure-devops-node-api": "^11.0.1",
        "browser-resolve": "^1.11.2",
        "browserify": "latest",
        "chai": "latest",
        "chalk": "^4.1.2",
        "convert-source-map": "latest",
        "del": "5.1.0",
        "diff": "^4.0.2",
        "eslint": "7.12.1",
        "eslint-formatter-autolinkable-stylish": "1.1.4",
        "eslint-plugin-import": "2.22.1",
        "eslint-plugin-jsdoc": "30.7.6",
        "eslint-plugin-no-null": "1.0.2",
        "fancy-log": "latest",
        "fs-extra": "^9.0.0",
        "glob": "latest",
        "gulp": "^4.0.0",
        "gulp-concat": "latest",
        "gulp-insert": "latest",
        "gulp-newer": "latest",
        "gulp-rename": "latest",
        "gulp-sourcemaps": "latest",
        "merge2": "latest",
        "minimist": "latest",
        "mkdirp": "latest",
        "mocha": "latest",
        "mocha-fivemat-progress-reporter": "latest",
        "ms": "^2.1.3",
        "node-fetch": "^2.6.1",
        "plugin-error": "latest",
        "pretty-hrtime": "^1.0.3",
        "prex": "^0.4.3",
        "q": "latest",
        "source-map-support": "latest",
        "through2": "latest",
        "typescript": "^4.5.5",
        "vinyl": "latest",
        "vinyl-sourcemaps-apply": "latest",
        "xml2js": "^0.4.19"
      }
    }
  }
}
